
Microsoft Visual Studio Solution File, Format Version 12.00
# Visual Studio Version 16
VisualStudioVersion = 16.0.30413.136
MinimumVisualStudioVersion = 10.0.40219.1
Project("{FAE04EC0-301F-11D3-BF4B-00C04F79EFBC}") = "Gui", "Gui.csproj", "{37A50884-D29E-4C53-93F6-324476DC1EEE}"
	ProjectSection(ProjectDependencies) = postProject
		{6295F7AD-BAFA-4E7D-AC2F-D923348284E5} = {6295F7AD-BAFA-4E7D-AC2F-D923348284E5}
	EndProjectSection
EndProject
Project("{FAE04EC0-301F-11D3-BF4B-00C04F79EFBC}") = "ControlService", "ControlService\ControlService.csproj", "{703F6D97-3B1B-4D2E-B73F-AB3FD6E17CF8}"
EndProject
Project("{FAE04EC0-301F-11D3-BF4B-00C04F79EFBC}") = "DataBaseService", "DataBaseService\DataBaseService.csproj", "{121F2DC3-95A2-44B3-BF7D-9D1B0111D8AE}"
EndProject
Project("{FAE04EC0-301F-11D3-BF4B-00C04F79EFBC}") = "DataTypes", "DataTypes\DataTypes.csproj", "{FA9D4331-4EF4-4616-A8C5-4C521EB6CA8D}"
EndProject
Project("{FAE04EC0-301F-11D3-BF4B-00C04F79EFBC}") = "Interfaces", "Interfaces\Interfaces.csproj", "{6295F7AD-BAFA-4E7D-AC2F-D923348284E5}"
EndProject
Project("{FAE04EC0-301F-11D3-BF4B-00C04F79EFBC}") = "ViewModelService", "ViewModelService\ViewModelService.csproj", "{DA2FFC34-9737-49E3-A6B0-85FF8B83909E}"
EndProject
Global
	GlobalSection(SolutionConfigurationPlatforms) = preSolution
		Debug|Any CPU = Debug|Any CPU
		Debug|ARM = Debug|ARM
		Debug|ARM64 = Debug|ARM64
		Debug|x64 = Debug|x64
		Debug|x86 = Debug|x86
		Release|Any CPU = Release|Any CPU
		Release|ARM = Release|ARM
		Release|ARM64 = Release|ARM64
		Release|x64 = Release|x64
		Release|x86 = Release|x86
	EndGlobalSection
	GlobalSection(ProjectConfigurationPlatforms) = postSolution
		{37A50884-D29E-4C53-93F6-324476DC1EEE}.Debug|Any CPU.ActiveCfg = Debug|x86
		{37A50884-D29E-4C53-93F6-324476DC1EEE}.Debug|Any CPU.Build.0 = Debug|x86
		{37A50884-D29E-4C53-93F6-324476DC1EEE}.Debug|Any CPU.Deploy.0 = Debug|x86
		{37A50884-D29E-4C53-93F6-324476DC1EEE}.Debug|ARM.ActiveCfg = Debug|ARM
		{37A50884-D29E-4C53-93F6-324476DC1EEE}.Debug|ARM.Build.0 = Debug|ARM
		{37A50884-D29E-4C53-93F6-324476DC1EEE}.Debug|ARM.Deploy.0 = Debug|ARM
		{37A50884-D29E-4C53-93F6-324476DC1EEE}.Debug|ARM64.ActiveCfg = Debug|ARM64
		{37A50884-D29E-4C53-93F6-324476DC1EEE}.Debug|ARM64.Build.0 = Debug|ARM64
		{37A50884-D29E-4C53-93F6-324476DC1EEE}.Debug|ARM64.Deploy.0 = Debug|ARM64
		{37A50884-D29E-4C53-93F6-324476DC1EEE}.Debug|x64.ActiveCfg = Debug|x64
		{37A50884-D29E-4C53-93F6-324476DC1EEE}.Debug|x64.Build.0 = Debug|x64
		{37A50884-D29E-4C53-93F6-324476DC1EEE}.Debug|x64.Deploy.0 = Debug|x64
		{37A50884-D29E-4C53-93F6-324476DC1EEE}.Debug|x86.ActiveCfg = Debug|x86
		{37A50884-D29E-4C53-93F6-324476DC1EEE}.Debug|x86.Build.0 = Debug|x86
		{37A50884-D29E-4C53-93F6-324476DC1EEE}.Debug|x86.Deploy.0 = Debug|x86
		{37A50884-D29E-4C53-93F6-324476DC1EEE}.Release|Any CPU.ActiveCfg = Release|x86
		{37A50884-D29E-4C53-93F6-324476DC1EEE}.Release|Any CPU.Build.0 = Release|x86
		{37A50884-D29E-4C53-93F6-324476DC1EEE}.Release|Any CPU.Deploy.0 = Release|x86
		{37A50884-D29E-4C53-93F6-324476DC1EEE}.Release|ARM.ActiveCfg = Release|ARM
		{37A50884-D29E-4C53-93F6-324476DC1EEE}.Release|ARM.Build.0 = Release|ARM
		{37A50884-D29E-4C53-93F6-324476DC1EEE}.Release|ARM.Deploy.0 = Release|ARM
		{37A50884-D29E-4C53-93F6-324476DC1EEE}.Release|ARM64.ActiveCfg = Release|ARM64
		{37A50884-D29E-4C53-93F6-324476DC1EEE}.Release|ARM64.Build.0 = Release|ARM64
		{37A50884-D29E-4C53-93F6-324476DC1EEE}.Release|ARM64.Deploy.0 = Release|ARM64
		{37A50884-D29E-4C53-93F6-324476DC1EEE}.Release|x64.ActiveCfg = Release|x64
		{37A50884-D29E-4C53-93F6-324476DC1EEE}.Release|x64.Build.0 = Release|x64
		{37A50884-D29E-4C53-93F6-324476DC1EEE}.Release|x64.Deploy.0 = Release|x64
		{37A50884-D29E-4C53-93F6-324476DC1EEE}.Release|x86.ActiveCfg = Release|x86
		{37A50884-D29E-4C53-93F6-324476DC1EEE}.Release|x86.Build.0 = Release|x86
		{37A50884-D29E-4C53-93F6-324476DC1EEE}.Release|x86.Deploy.0 = Release|x86
		{703F6D97-3B1B-4D2E-B73F-AB3FD6E17CF8}.Debug|Any CPU.ActiveCfg = Debug|Any CPU
		{703F6D97-3B1B-4D2E-B73F-AB3FD6E17CF8}.Debug|Any CPU.Build.0 = Debug|Any CPU
		{703F6D97-3B1B-4D2E-B73F-AB3FD6E17CF8}.Debug|ARM.ActiveCfg = Debug|ARM
		{703F6D97-3B1B-4D2E-B73F-AB3FD6E17CF8}.Debug|ARM.Build.0 = Debug|ARM
		{703F6D97-3B1B-4D2E-B73F-AB3FD6E17CF8}.Debug|ARM64.ActiveCfg = Debug|ARM64
		{703F6D97-3B1B-4D2E-B73F-AB3FD6E17CF8}.Debug|ARM64.Build.0 = Debug|ARM64
		{703F6D97-3B1B-4D2E-B73F-AB3FD6E17CF8}.Debug|x64.ActiveCfg = Debug|x64
		{703F6D97-3B1B-4D2E-B73F-AB3FD6E17CF8}.Debug|x64.Build.0 = Debug|x64
		{703F6D97-3B1B-4D2E-B73F-AB3FD6E17CF8}.Debug|x86.ActiveCfg = Debug|x86
		{703F6D97-3B1B-4D2E-B73F-AB3FD6E17CF8}.Debug|x86.Build.0 = Debug|x86
		{703F6D97-3B1B-4D2E-B73F-AB3FD6E17CF8}.Release|Any CPU.ActiveCfg = Release|Any CPU
		{703F6D97-3B1B-4D2E-B73F-AB3FD6E17CF8}.Release|Any CPU.Build.0 = Release|Any CPU
		{703F6D97-3B1B-4D2E-B73F-AB3FD6E17CF8}.Release|ARM.ActiveCfg = Release|ARM
		{703F6D97-3B1B-4D2E-B73F-AB3FD6E17CF8}.Release|ARM.Build.0 = Release|ARM
		{703F6D97-3B1B-4D2E-B73F-AB3FD6E17CF8}.Release|ARM64.ActiveCfg = Release|ARM64
		{703F6D97-3B1B-4D2E-B73F-AB3FD6E17CF8}.Release|ARM64.Build.0 = Release|ARM64
		{703F6D97-3B1B-4D2E-B73F-AB3FD6E17CF8}.Release|x64.ActiveCfg = Release|x64
		{703F6D97-3B1B-4D2E-B73F-AB3FD6E17CF8}.Release|x64.Build.0 = Release|x64
		{703F6D97-3B1B-4D2E-B73F-AB3FD6E17CF8}.Release|x86.ActiveCfg = Release|x86
		{703F6D97-3B1B-4D2E-B73F-AB3FD6E17CF8}.Release|x86.Build.0 = Release|x86
		{121F2DC3-95A2-44B3-BF7D-9D1B0111D8AE}.Debug|Any CPU.ActiveCfg = Debug|Any CPU
		{121F2DC3-95A2-44B3-BF7D-9D1B0111D8AE}.Debug|Any CPU.Build.0 = Debug|Any CPU
		{121F2DC3-95A2-44B3-BF7D-9D1B0111D8AE}.Debug|ARM.ActiveCfg = Debug|ARM
		{121F2DC3-95A2-44B3-BF7D-9D1B0111D8AE}.Debug|ARM.Build.0 = Debug|ARM
		{121F2DC3-95A2-44B3-BF7D-9D1B0111D8AE}.Debug|ARM64.ActiveCfg = Debug|ARM64
		{121F2DC3-95A2-44B3-BF7D-9D1B0111D8AE}.Debug|ARM64.Build.0 = Debug|ARM64
		{121F2DC3-95A2-44B3-BF7D-9D1B0111D8AE}.Debug|x64.ActiveCfg = Debug|x64
		{121F2DC3-95A2-44B3-BF7D-9D1B0111D8AE}.Debug|x64.Build.0 = Debug|x64
		{121F2DC3-95A2-44B3-BF7D-9D1B0111D8AE}.Debug|x86.ActiveCfg = Debug|x86
		{121F2DC3-95A2-44B3-BF7D-9D1B0111D8AE}.Debug|x86.Build.0 = Debug|x86
		{121F2DC3-95A2-44B3-BF7D-9D1B0111D8AE}.Release|Any CPU.ActiveCfg = Release|Any CPU
		{121F2DC3-95A2-44B3-BF7D-9D1B0111D8AE}.Release|Any CPU.Build.0 = Release|Any CPU
		{121F2DC3-95A2-44B3-BF7D-9D1B0111D8AE}.Release|ARM.ActiveCfg = Release|ARM
		{121F2DC3-95A2-44B3-BF7D-9D1B0111D8AE}.Release|ARM.Build.0 = Release|ARM
		{121F2DC3-95A2-44B3-BF7D-9D1B0111D8AE}.Release|ARM64.ActiveCfg = Release|ARM64
		{121F2DC3-95A2-44B3-BF7D-9D1B0111D8AE}.Release|ARM64.Build.0 = Release|ARM64
		{121F2DC3-95A2-44B3-BF7D-9D1B0111D8AE}.Release|x64.ActiveCfg = Release|x64
		{121F2DC3-95A2-44B3-BF7D-9D1B0111D8AE}.Release|x64.Build.0 = Release|x64
		{121F2DC3-95A2-44B3-BF7D-9D1B0111D8AE}.Release|x86.ActiveCfg = Release|x86
		{121F2DC3-95A2-44B3-BF7D-9D1B0111D8AE}.Release|x86.Build.0 = Release|x86
		{FA9D4331-4EF4-4616-A8C5-4C521EB6CA8D}.Debug|Any CPU.ActiveCfg = Debug|Any CPU
		{FA9D4331-4EF4-4616-A8C5-4C521EB6CA8D}.Debug|Any CPU.Build.0 = Debug|Any CPU
		{FA9D4331-4EF4-4616-A8C5-4C521EB6CA8D}.Debug|ARM.ActiveCfg = Debug|ARM
		{FA9D4331-4EF4-4616-A8C5-4C521EB6CA8D}.Debug|ARM.Build.0 = Debug|ARM
		{FA9D4331-4EF4-4616-A8C5-4C521EB6CA8D}.Debug|ARM64.ActiveCfg = Debug|ARM64
		{FA9D4331-4EF4-4616-A8C5-4C521EB6CA8D}.Debug|ARM64.Build.0 = Debug|ARM64
		{FA9D4331-4EF4-4616-A8C5-4C521EB6CA8D}.Debug|x64.ActiveCfg = Debug|x64
		{FA9D4331-4EF4-4616-A8C5-4C521EB6CA8D}.Debug|x64.Build.0 = Debug|x64
		{FA9D4331-4EF4-4616-A8C5-4C521EB6CA8D}.Debug|x86.ActiveCfg = Debug|x86
		{FA9D4331-4EF4-4616-A8C5-4C521EB6CA8D}.Debug|x86.Build.0 = Debug|x86
		{FA9D4331-4EF4-4616-A8C5-4C521EB6CA8D}.Release|Any CPU.ActiveCfg = Release|Any CPU
		{FA9D4331-4EF4-4616-A8C5-4C521EB6CA8D}.Release|Any CPU.Build.0 = Release|Any CPU
		{FA9D4331-4EF4-4616-A8C5-4C521EB6CA8D}.Release|ARM.ActiveCfg = Release|ARM
		{FA9D4331-4EF4-4616-A8C5-4C521EB6CA8D}.Release|ARM.Build.0 = Release|ARM
		{FA9D4331-4EF4-4616-A8C5-4C521EB6CA8D}.Release|ARM64.ActiveCfg = Release|ARM64
		{FA9D4331-4EF4-4616-A8C5-4C521EB6CA8D}.Release|ARM64.Build.0 = Release|ARM64
		{FA9D4331-4EF4-4616-A8C5-4C521EB6CA8D}.Release|x64.ActiveCfg = Release|x64
		{FA9D4331-4EF4-4616-A8C5-4C521EB6CA8D}.Release|x64.Build.0 = Release|x64
		{FA9D4331-4EF4-4616-A8C5-4C521EB6CA8D}.Release|x86.ActiveCfg = Release|x86
		{FA9D4331-4EF4-4616-A8C5-4C521EB6CA8D}.Release|x86.Build.0 = Release|x86
		{6295F7AD-BAFA-4E7D-AC2F-D923348284E5}.Debug|Any CPU.ActiveCfg = Debug|Any CPU
		{6295F7AD-BAFA-4E7D-AC2F-D923348284E5}.Debug|Any CPU.Build.0 = Debug|Any CPU
		{6295F7AD-BAFA-4E7D-AC2F-D923348284E5}.Debug|ARM.ActiveCfg = Debug|ARM
		{6295F7AD-BAFA-4E7D-AC2F-D923348284E5}.Debug|ARM.Build.0 = Debug|ARM
		{6295F7AD-BAFA-4E7D-AC2F-D923348284E5}.Debug|ARM64.ActiveCfg = Debug|ARM64
		{6295F7AD-BAFA-4E7D-AC2F-D923348284E5}.Debug|ARM64.Build.0 = Debug|ARM64
		{6295F7AD-BAFA-4E7D-AC2F-D923348284E5}.Debug|x64.ActiveCfg = Debug|x64
		{6295F7AD-BAFA-4E7D-AC2F-D923348284E5}.Debug|x64.Build.0 = Debug|x64
		{6295F7AD-BAFA-4E7D-AC2F-D923348284E5}.Debug|x86.ActiveCfg = Debug|x86
		{6295F7AD-BAFA-4E7D-AC2F-D923348284E5}.Debug|x86.Build.0 = Debug|x86
		{6295F7AD-BAFA-4E7D-AC2F-D923348284E5}.Release|Any CPU.ActiveCfg = Release|Any CPU
		{6295F7AD-BAFA-4E7D-AC2F-D923348284E5}.Release|Any CPU.Build.0 = Release|Any CPU
		{6295F7AD-BAFA-4E7D-AC2F-D923348284E5}.Release|ARM.ActiveCfg = Release|ARM
		{6295F7AD-BAFA-4E7D-AC2F-D923348284E5}.Release|ARM.Build.0 = Release|ARM
		{6295F7AD-BAFA-4E7D-AC2F-D923348284E5}.Release|ARM64.ActiveCfg = Release|ARM64
		{6295F7AD-BAFA-4E7D-AC2F-D923348284E5}.Release|ARM64.Build.0 = Release|ARM64
		{6295F7AD-BAFA-4E7D-AC2F-D923348284E5}.Release|x64.ActiveCfg = Release|x64
		{6295F7AD-BAFA-4E7D-AC2F-D923348284E5}.Release|x64.Build.0 = Release|x64
		{6295F7AD-BAFA-4E7D-AC2F-D923348284E5}.Release|x86.ActiveCfg = Release|x86
		{6295F7AD-BAFA-4E7D-AC2F-D923348284E5}.Release|x86.Build.0 = Release|x86
		{DA2FFC34-9737-49E3-A6B0-85FF8B83909E}.Debug|Any CPU.ActiveCfg = Debug|Any CPU
		{DA2FFC34-9737-49E3-A6B0-85FF8B83909E}.Debug|Any CPU.Build.0 = Debug|Any CPU
		{DA2FFC34-9737-49E3-A6B0-85FF8B83909E}.Debug|ARM.ActiveCfg = Debug|ARM
		{DA2FFC34-9737-49E3-A6B0-85FF8B83909E}.Debug|ARM.Build.0 = Debug|ARM
		{DA2FFC34-9737-49E3-A6B0-85FF8B83909E}.Debug|ARM64.ActiveCfg = Debug|ARM64
		{DA2FFC34-9737-49E3-A6B0-85FF8B83909E}.Debug|ARM64.Build.0 = Debug|ARM64
		{DA2FFC34-9737-49E3-A6B0-85FF8B83909E}.Debug|x64.ActiveCfg = Debug|x64
		{DA2FFC34-9737-49E3-A6B0-85FF8B83909E}.Debug|x64.Build.0 = Debug|x64
		{DA2FFC34-9737-49E3-A6B0-85FF8B83909E}.Debug|x86.ActiveCfg = Debug|x86
		{DA2FFC34-9737-49E3-A6B0-85FF8B83909E}.Debug|x86.Build.0 = Debug|x86
		{DA2FFC34-9737-49E3-A6B0-85FF8B83909E}.Release|Any CPU.ActiveCfg = Release|Any CPU
		{DA2FFC34-9737-49E3-A6B0-85FF8B83909E}.Release|Any CPU.Build.0 = Release|Any CPU
		{DA2FFC34-9737-49E3-A6B0-85FF8B83909E}.Release|ARM.ActiveCfg = Release|ARM
		{DA2FFC34-9737-49E3-A6B0-85FF8B83909E}.Release|ARM.Build.0 = Release|ARM
		{DA2FFC34-9737-49E3-A6B0-85FF8B83909E}.Release|ARM64.ActiveCfg = Release|ARM64
		{DA2FFC34-9737-49E3-A6B0-85FF8B83909E}.Release|ARM64.Build.0 = Release|ARM64
		{DA2FFC34-9737-49E3-A6B0-85FF8B83909E}.Release|x64.ActiveCfg = Release|x64
		{DA2FFC34-9737-49E3-A6B0-85FF8B83909E}.Release|x64.Build.0 = Release|x64
		{DA2FFC34-9737-49E3-A6B0-85FF8B83909E}.Release|x86.ActiveCfg = Release|x86
		{DA2FFC34-9737-49E3-A6B0-85FF8B83909E}.Release|x86.Build.0 = Release|x86
	EndGlobalSection
	GlobalSection(SolutionProperties) = preSolution
		HideSolutionNode = FALSE
	EndGlobalSection
	GlobalSection(ExtensibilityGlobals) = postSolution
		SolutionGuid = {907C521A-DD40-48CA-87CB-EBED00DD4268}
	EndGlobalSection
EndGlobal
